<?xml version="1.0" encoding="utf-8"?>
<Project ToolsVersion="4.0" xmlns="http://schemas.microsoft.com/developer/msbuild/2003">
  <ItemGroup>
    <Filter Include="源文件">
      <UniqueIdentifier>{4FC737F1-C7A5-4376-A066-2A32D752A2FF}</UniqueIdentifier>
      <Extensions>cpp;c;cc;cxx;def;odl;idl;hpj;bat;asm;asmx</Extensions>
    </Filter>
    <Filter Include="头文件">
      <UniqueIdentifier>{93995380-89BD-4b04-88EB-625FBE52EBFB}</UniqueIdentifier>
      <Extensions>h;hh;hpp;hxx;hm;inl;inc;ipp;xsd</Extensions>
    </Filter>
    <Filter Include="资源文件">
      <UniqueIdentifier>{67DA6AB6-F800-4c08-8B7A-83BB121AAD01}</UniqueIdentifier>
      <Extensions>rc;ico;cur;bmp;dlg;rc2;rct;bin;rgs;gif;jpg;jpeg;jpe;resx;tiff;tif;png;wav;mfcribbon-ms</Extensions>
    </Filter>
  </ItemGroup>
  <ItemGroup>
    <ClInclude Include="stdafx.h">
      <Filter>头文件</Filter>
    </ClInclude>
    <ClInclude Include="targetver.h">
      <Filter>头文件</Filter>
    </ClInclude>
    <ClInclude Include="resource.h">
      <Filter>头文件</Filter>
    </ClInclude>
    <ClInclude Include="main.h">
      <Filter>头文件</Filter>
    </ClInclude>
    <ClInclude Include="layouts_form.h">
      <Filter>头文件</Filter>
    </ClInclude>
    <ClInclude Include="CMainFrameUI.h">
      <Filter>头文件</Filter>
    </ClInclude>
    <ClInclude Include="CProtocalHelper.h">
      <Filter>头文件</Filter>
    </ClInclude>
    <ClInclude Include="StringHelper.h">
      <Filter>头文件</Filter>
    </ClInclude>
    <ClInclude Include="engine_define.h">
      <Filter>头文件</Filter>
    </ClInclude>
    <ClInclude Include="COpenSSL.h">
      <Filter>头文件</Filter>
    </ClInclude>
    <ClInclude Include="CAccLogicCenter.h">
      <Filter>头文件</Filter>
    </ClInclude>
    <ClInclude Include="CIni.h">
      <Filter>头文件</Filter>
    </ClInclude>
    <ClInclude Include="CEnginModeSSHelper.h">
      <Filter>头文件</Filter>
    </ClInclude>
    <ClInclude Include="CEnginModeEntryHelper.h">
      <Filter>头文件</Filter>
    </ClInclude>
    <ClInclude Include="EnginHelper.h">
      <Filter>头文件</Filter>
    </ClInclude>
    <ClInclude Include="uiMessageBox.h">
      <Filter>头文件</Filter>
    </ClInclude>
    <ClInclude Include="include\log\LogHelper.h">
      <Filter>头文件</Filter>
    </ClInclude>
    <ClInclude Include="include\traytool\tray_icon.h">
      <Filter>头文件</Filter>
    </ClInclude>
    <ClInclude Include="include\xml\URLEncode.h">
      <Filter>头文件</Filter>
    </ClInclude>
    <ClInclude Include="uiTipMessageBox.h">
      <Filter>头文件</Filter>
    </ClInclude>
    <ClInclude Include="CreateXmlObj.h">
      <Filter>头文件</Filter>
    </ClInclude>
    <ClInclude Include="CTool.h">
      <Filter>头文件</Filter>
    </ClInclude>
    <ClInclude Include="default_define.h">
      <Filter>头文件</Filter>
    </ClInclude>
    <ClInclude Include="wMainFrame.h">
      <Filter>头文件</Filter>
    </ClInclude>
    <ClInclude Include="CAccountLogin.h">
      <Filter>头文件</Filter>
    </ClInclude>
    <ClInclude Include="CDownloadVBox.h">
      <Filter>头文件</Filter>
    </ClInclude>
    <ClInclude Include="CSubVBox.h">
      <Filter>头文件</Filter>
    </ClInclude>
    <ClInclude Include="CServerVBox.h">
      <Filter>头文件</Filter>
    </ClInclude>
  </ItemGroup>
  <ItemGroup>
    <ClCompile Include="stdafx.cpp">
      <Filter>源文件</Filter>
    </ClCompile>
    <ClCompile Include="main.cpp">
      <Filter>源文件</Filter>
    </ClCompile>
    <ClCompile Include="layouts_form.cpp">
      <Filter>源文件</Filter>
    </ClCompile>
    <ClCompile Include="CMainFrameUI.cpp">
      <Filter>源文件</Filter>
    </ClCompile>
    <ClCompile Include="CProtocalHelper.cpp">
      <Filter>源文件</Filter>
    </ClCompile>
    <ClCompile Include="StringHelper.cpp">
      <Filter>源文件</Filter>
    </ClCompile>
    <ClCompile Include="COpenSSL.cpp">
      <Filter>源文件</Filter>
    </ClCompile>
    <ClCompile Include="CAccLogicCenter.cpp">
      <Filter>源文件</Filter>
    </ClCompile>
    <ClCompile Include="CIni.cpp">
      <Filter>源文件</Filter>
    </ClCompile>
    <ClCompile Include="EarthPoint.cpp">
      <Filter>源文件</Filter>
    </ClCompile>
    <ClCompile Include="CEnginModeSSHelper.cpp">
      <Filter>源文件</Filter>
    </ClCompile>
    <ClCompile Include="CEnginModeEntryHelper.cpp">
      <Filter>源文件</Filter>
    </ClCompile>
    <ClCompile Include="uiMessageBox.cpp">
      <Filter>源文件</Filter>
    </ClCompile>
    <ClCompile Include="include\log\LogHelper.cpp">
      <Filter>源文件</Filter>
    </ClCompile>
    <ClCompile Include="include\traytool\tray_icon.cpp">
      <Filter>源文件</Filter>
    </ClCompile>
    <ClCompile Include="include\xml\URLEncode.cpp">
      <Filter>源文件</Filter>
    </ClCompile>
    <ClCompile Include="uiTipMessageBox.cpp">
      <Filter>源文件</Filter>
    </ClCompile>
    <ClCompile Include="gateway.cpp">
      <Filter>源文件</Filter>
    </ClCompile>
    <ClCompile Include="CreateXmlObj.cpp">
      <Filter>源文件</Filter>
    </ClCompile>
    <ClCompile Include="CTool.cpp">
      <Filter>源文件</Filter>
    </ClCompile>
    <ClCompile Include="wMainFrame.cpp">
      <Filter>源文件</Filter>
    </ClCompile>
    <ClCompile Include="CAccountLogin.cpp">
      <Filter>源文件</Filter>
    </ClCompile>
    <ClCompile Include="CDownloadVBox.cpp">
      <Filter>源文件</Filter>
    </ClCompile>
    <ClCompile Include="CSubVBox.cpp">
      <Filter>源文件</Filter>
    </ClCompile>
    <ClCompile Include="CServerVBox.cpp">
      <Filter>源文件</Filter>
    </ClCompile>
  </ItemGroup>
  <ItemGroup>
    <ResourceCompile Include="netpub.rc">
      <Filter>资源文件</Filter>
    </ResourceCompile>
  </ItemGroup>
  <ItemGroup>
    <Image Include="small.ico">
      <Filter>资源文件</Filter>
    </Image>
    <Image Include="netpub.ico">
      <Filter>资源文件</Filter>
    </Image>
  </ItemGroup>
  <ItemGroup>
    <None Include="..\bin\Release\resources.zip" />
  </ItemGroup>
</Project>